<?xml version="1.0" encoding="UTF-8"?>
<Scheme
   version = "1.3">
   <BuildAction>
      <BuildActionEntries>
         <BuildActionEntry
            buildForRunning = "YES">
            <BuildableReference
               BuildableIdentifier = "primary"
               BlueprintIdentifier = "3D7FBA021FC7EE7C00B699DC"
               BuildableName = "LearnSceneKit.app"
               BlueprintName = "LearnSceneKit"
               ReferencedContainer = "container:LearnSceneKit.xcodeproj">
            </BuildableReference>
         </BuildActionEntry>
      </BuildActionEntries>
   </BuildAction>
   <LaunchAction
      useCustomWorkingDirectory = "NO"
      buildConfiguration = "Debug">
      <BuildableProductRunnable>
         <BuildableReference
            BuildableIdentifier = "primary"
            BlueprintIdentifier = "3D7FBA021FC7EE7C00B699DC"
            BuildableName = "LearnSceneKit.app"
            BlueprintName = "LearnSceneKit"
            ReferencedContainer = "container:LearnSceneKit.xcodeproj">
         </BuildableReference>
      </BuildableProductRunnable>
   </LaunchAction>
</Scheme>
